
Microsoft Visual Studio Solution File, Format Version 12.00
# Visual Studio Version 17
VisualStudioVersion = 17.1.32210.238
MinimumVisualStudioVersion = 10.0.40219.1
Project("{8BC9CEB8-8B4A-11D0-8D11-00A0C91BC942}") = "SAGroup20", "SAGroup20\SAGroup20.vcxproj", "{63FE7A9E-698C-41C4-AF90-7D1E0AC1D096}"
EndProject
Project("{8BC9CEB8-8B4A-11D0-8D11-00A0C91BC942}") = "Core1", "Core1\Core1.vcxproj", "{805BA6BF-62ED-4787-BAE7-9D6FE19B41BC}"
EndProject
Project("{8BC9CEB8-8B4A-11D0-8D11-00A0C91BC942}") = "Core2", "Core2\Core2.vcxproj", "{86974370-E1B8-4F7E-A8A6-701AA6F3464A}"
EndProject
Project("{8BC9CEB8-8B4A-11D0-8D11-00A0C91BC942}") = "Core3", "Core3\Core3.vcxproj", "{8BBB24FC-BF3A-47BB-BD8A-B8B1A19051DE}"
EndProject
Project("{8BC9CEB8-8B4A-11D0-8D11-00A0C91BC942}") = "App1", "App1\App1.vcxproj", "{FD3649B0-631D-4AE5-A1CB-342C72ABFA6C}"
EndProject
Project("{8BC9CEB8-8B4A-11D0-8D11-00A0C91BC942}") = "App2", "App2\App2.vcxproj", "{89273B7B-C321-49A1-969E-E82C433DF81A}"
EndProject
Project("{8BC9CEB8-8B4A-11D0-8D11-00A0C91BC942}") = "UI1", "UI1\UI1.vcxproj", "{4D07CF18-6C8D-4C45-8D2D-422C05C70905}"
EndProject
Project("{8BC9CEB8-8B4A-11D0-8D11-00A0C91BC942}") = "UI2", "UI2\UI2.vcxproj", "{7C3185BC-AD5E-4B9B-926A-AF3B1DFDDD7B}"
EndProject
Global
	GlobalSection(SolutionConfigurationPlatforms) = preSolution
		Debug|x64 = Debug|x64
		Debug|x86 = Debug|x86
		Release|x64 = Release|x64
		Release|x86 = Release|x86
	EndGlobalSection
	GlobalSection(ProjectConfigurationPlatforms) = postSolution
		{63FE7A9E-698C-41C4-AF90-7D1E0AC1D096}.Debug|x64.ActiveCfg = Debug|x64
		{63FE7A9E-698C-41C4-AF90-7D1E0AC1D096}.Debug|x64.Build.0 = Debug|x64
		{63FE7A9E-698C-41C4-AF90-7D1E0AC1D096}.Debug|x86.ActiveCfg = Debug|Win32
		{63FE7A9E-698C-41C4-AF90-7D1E0AC1D096}.Debug|x86.Build.0 = Debug|Win32
		{63FE7A9E-698C-41C4-AF90-7D1E0AC1D096}.Release|x64.ActiveCfg = Release|x64
		{63FE7A9E-698C-41C4-AF90-7D1E0AC1D096}.Release|x64.Build.0 = Release|x64
		{63FE7A9E-698C-41C4-AF90-7D1E0AC1D096}.Release|x86.ActiveCfg = Release|Win32
		{63FE7A9E-698C-41C4-AF90-7D1E0AC1D096}.Release|x86.Build.0 = Release|Win32
		{805BA6BF-62ED-4787-BAE7-9D6FE19B41BC}.Debug|x64.ActiveCfg = Debug|x64
		{805BA6BF-62ED-4787-BAE7-9D6FE19B41BC}.Debug|x64.Build.0 = Debug|x64
		{805BA6BF-62ED-4787-BAE7-9D6FE19B41BC}.Debug|x86.ActiveCfg = Debug|Win32
		{805BA6BF-62ED-4787-BAE7-9D6FE19B41BC}.Debug|x86.Build.0 = Debug|Win32
		{805BA6BF-62ED-4787-BAE7-9D6FE19B41BC}.Release|x64.ActiveCfg = Release|x64
		{805BA6BF-62ED-4787-BAE7-9D6FE19B41BC}.Release|x64.Build.0 = Release|x64
		{805BA6BF-62ED-4787-BAE7-9D6FE19B41BC}.Release|x86.ActiveCfg = Release|Win32
		{805BA6BF-62ED-4787-BAE7-9D6FE19B41BC}.Release|x86.Build.0 = Release|Win32
		{86974370-E1B8-4F7E-A8A6-701AA6F3464A}.Debug|x64.ActiveCfg = Debug|x64
		{86974370-E1B8-4F7E-A8A6-701AA6F3464A}.Debug|x64.Build.0 = Debug|x64
		{86974370-E1B8-4F7E-A8A6-701AA6F3464A}.Debug|x86.ActiveCfg = Debug|Win32
		{86974370-E1B8-4F7E-A8A6-701AA6F3464A}.Debug|x86.Build.0 = Debug|Win32
		{86974370-E1B8-4F7E-A8A6-701AA6F3464A}.Release|x64.ActiveCfg = Release|x64
		{86974370-E1B8-4F7E-A8A6-701AA6F3464A}.Release|x64.Build.0 = Release|x64
		{86974370-E1B8-4F7E-A8A6-701AA6F3464A}.Release|x86.ActiveCfg = Release|Win32
		{86974370-E1B8-4F7E-A8A6-701AA6F3464A}.Release|x86.Build.0 = Release|Win32
		{8BBB24FC-BF3A-47BB-BD8A-B8B1A19051DE}.Debug|x64.ActiveCfg = Debug|x64
		{8BBB24FC-BF3A-47BB-BD8A-B8B1A19051DE}.Debug|x64.Build.0 = Debug|x64
		{8BBB24FC-BF3A-47BB-BD8A-B8B1A19051DE}.Debug|x86.ActiveCfg = Debug|Win32
		{8BBB24FC-BF3A-47BB-BD8A-B8B1A19051DE}.Debug|x86.Build.0 = Debug|Win32
		{8BBB24FC-BF3A-47BB-BD8A-B8B1A19051DE}.Release|x64.ActiveCfg = Release|x64
		{8BBB24FC-BF3A-47BB-BD8A-B8B1A19051DE}.Release|x64.Build.0 = Release|x64
		{8BBB24FC-BF3A-47BB-BD8A-B8B1A19051DE}.Release|x86.ActiveCfg = Release|Win32
		{8BBB24FC-BF3A-47BB-BD8A-B8B1A19051DE}.Release|x86.Build.0 = Release|Win32
		{FD3649B0-631D-4AE5-A1CB-342C72ABFA6C}.Debug|x64.ActiveCfg = Debug|x64
		{FD3649B0-631D-4AE5-A1CB-342C72ABFA6C}.Debug|x64.Build.0 = Debug|x64
		{FD3649B0-631D-4AE5-A1CB-342C72ABFA6C}.Debug|x86.ActiveCfg = Debug|Win32
		{FD3649B0-631D-4AE5-A1CB-342C72ABFA6C}.Debug|x86.Build.0 = Debug|Win32
		{FD3649B0-631D-4AE5-A1CB-342C72ABFA6C}.Release|x64.ActiveCfg = Release|x64
		{FD3649B0-631D-4AE5-A1CB-342C72ABFA6C}.Release|x64.Build.0 = Release|x64
		{FD3649B0-631D-4AE5-A1CB-342C72ABFA6C}.Release|x86.ActiveCfg = Release|Win32
		{FD3649B0-631D-4AE5-A1CB-342C72ABFA6C}.Release|x86.Build.0 = Release|Win32
		{89273B7B-C321-49A1-969E-E82C433DF81A}.Debug|x64.ActiveCfg = Debug|x64
		{89273B7B-C321-49A1-969E-E82C433DF81A}.Debug|x64.Build.0 = Debug|x64
		{89273B7B-C321-49A1-969E-E82C433DF81A}.Debug|x86.ActiveCfg = Debug|Win32
		{89273B7B-C321-49A1-969E-E82C433DF81A}.Debug|x86.Build.0 = Debug|Win32
		{89273B7B-C321-49A1-969E-E82C433DF81A}.Release|x64.ActiveCfg = Release|x64
		{89273B7B-C321-49A1-969E-E82C433DF81A}.Release|x64.Build.0 = Release|x64
		{89273B7B-C321-49A1-969E-E82C433DF81A}.Release|x86.ActiveCfg = Release|Win32
		{89273B7B-C321-49A1-969E-E82C433DF81A}.Release|x86.Build.0 = Release|Win32
		{4D07CF18-6C8D-4C45-8D2D-422C05C70905}.Debug|x64.ActiveCfg = Debug|x64
		{4D07CF18-6C8D-4C45-8D2D-422C05C70905}.Debug|x64.Build.0 = Debug|x64
		{4D07CF18-6C8D-4C45-8D2D-422C05C70905}.Debug|x86.ActiveCfg = Debug|Win32
		{4D07CF18-6C8D-4C45-8D2D-422C05C70905}.Debug|x86.Build.0 = Debug|Win32
		{4D07CF18-6C8D-4C45-8D2D-422C05C70905}.Release|x64.ActiveCfg = Release|x64
		{4D07CF18-6C8D-4C45-8D2D-422C05C70905}.Release|x64.Build.0 = Release|x64
		{4D07CF18-6C8D-4C45-8D2D-422C05C70905}.Release|x86.ActiveCfg = Release|Win32
		{4D07CF18-6C8D-4C45-8D2D-422C05C70905}.Release|x86.Build.0 = Release|Win32
		{7C3185BC-AD5E-4B9B-926A-AF3B1DFDDD7B}.Debug|x64.ActiveCfg = Debug|x64
		{7C3185BC-AD5E-4B9B-926A-AF3B1DFDDD7B}.Debug|x64.Build.0 = Debug|x64
		{7C3185BC-AD5E-4B9B-926A-AF3B1DFDDD7B}.Debug|x86.ActiveCfg = Debug|Win32
		{7C3185BC-AD5E-4B9B-926A-AF3B1DFDDD7B}.Debug|x86.Build.0 = Debug|Win32
		{7C3185BC-AD5E-4B9B-926A-AF3B1DFDDD7B}.Release|x64.ActiveCfg = Release|x64
		{7C3185BC-AD5E-4B9B-926A-AF3B1DFDDD7B}.Release|x64.Build.0 = Release|x64
		{7C3185BC-AD5E-4B9B-926A-AF3B1DFDDD7B}.Release|x86.ActiveCfg = Release|Win32
		{7C3185BC-AD5E-4B9B-926A-AF3B1DFDDD7B}.Release|x86.Build.0 = Release|Win32
	EndGlobalSection
	GlobalSection(SolutionProperties) = preSolution
		HideSolutionNode = FALSE
	EndGlobalSection
	GlobalSection(ExtensibilityGlobals) = postSolution
		SolutionGuid = {7C311425-7103-44BF-ABAC-76E6243FE2B7}
	EndGlobalSection
EndGlobal
